
Microsoft Visual Studio Solution File, Format Version 12.00
# Visual Studio Version 17
VisualStudioVersion = 17.6.33723.286
MinimumVisualStudioVersion = 10.0.40219.1
Project("{FAE04EC0-301F-11D3-BF4B-00C04F79EFBC}") = "PactIncreasedLethality", "PactIncreasedLethality.csproj", "{92A0E1EA-B099-45AA-9B47-F254B840C648}"
EndProject
Global
	GlobalSection(SolutionConfigurationPlatforms) = preSolution
		Debug|Any CPU = Debug|Any CPU
		Release|Any CPU = Release|Any CPU
	EndGlobalSection
	GlobalSection(ProjectConfigurationPlatforms) = postSolution
		{92A0E1EA-B099-45AA-9B47-F254B840C648}.Debug|Any CPU.ActiveCfg = Debug|Any CPU
		{92A0E1EA-B099-45AA-9B47-F254B840C648}.Debug|Any CPU.Build.0 = Debug|Any CPU
		{92A0E1EA-B099-45AA-9B47-F254B840C648}.Release|Any CPU.ActiveCfg = Release|Any CPU
		{92A0E1EA-B099-45AA-9B47-F254B840C648}.Release|Any CPU.Build.0 = Release|Any CPU
	EndGlobalSection
	GlobalSection(SolutionProperties) = preSolution
		HideSolutionNode = FALSE
	EndGlobalSection
	GlobalSection(ExtensibilityGlobals) = postSolution
		SolutionGuid = {EAF3EB84-A16E-4089-BA61-2474AB33C964}
	EndGlobalSection
EndGlobal
